// !$*UTF8*$!
{
	archiveVersion = 1;
	classes = {
	};
	objectVersion = 46;
	objects = {

/* Begin PBXBuildFile section */
		9366573B1FA794B000B830DA /* Pods_WPtest.framework in Frameworks */ = {isa = PBXBuildFile; fileRef = 9366573C1FA794B000B830DA /* Pods_WPtest.framework */; };
		9397A8721F6730800089DFA9 /* CustomTableViewCell.swift in Sources */ = {isa = PBXBuildFile; fileRef = 9397A8711F6730800089DFA9 /* CustomTableViewCell.swift */; };
		93A1A6401F5DFD1000AC16A3 /* AppDelegate.swift in Sources */ = {isa = PBXBuildFile; fileRef = 93A1A63F1F5DFD1000AC16A3 /* AppDelegate.swift */; };
		93A1A6421F5DFD1000AC16A3 /* ViewController.swift in Sources */ = {isa = PBXBuildFile; fileRef = 93A1A6411F5DFD1000AC16A3 /* ViewController.swift */; };
		93A1A6451F5DFD1000AC16A3 /* Main.storyboard in Resources */ = {isa = PBXBuildFile; fileRef = 93A1A6431F5DFD1000AC16A3 /* Main.storyboard */; };
		93A1A6471F5DFD1000AC16A3 /* Assets.xcassets in Resources */ = {isa = PBXBuildFile; fileRef = 93A1A6461F5DFD1000AC16A3 /* Assets.xcassets */; };
		93A1A64A1F5DFD1000AC16A3 /* LaunchScreen.storyboard in Resources */ = {isa = PBXBuildFile; fileRef = 93A1A6481F5DFD1000AC16A3 /* LaunchScreen.storyboard */; };
		93F297751F6A3E0E00848299 /* WPPost.swift in Sources */ = {isa = PBXBuildFile; fileRef = 93F297741F6A3E0E00848299 /* WPPost.swift */; };
/* End PBXBuildFile section */

/* Begin PBXFileReference section */
		283CEABF1D104DA93C2E4111 /* Pods-WPtest.release.xcconfig */ = {isa = PBXFileReference; includeInIndex = 1; lastKnownFileType = text.xcconfig; name = "Pods-WPtest.release.xcconfig"; path = "Pods/Target Support Files/Pods-WPtest/Pods-WPtest.release.xcconfig"; sourceTree = "<group>"; };
		6232B41DDCA1E60BABB5481F /* Pods_WPtest.framework */ = {isa = PBXFileReference; explicitFileType = wrapper.framework; includeInIndex = 0; path = Pods_WPtest.framework; sourceTree = BUILT_PRODUCTS_DIR; };
		8E9B185489FEB9F570712241 /* Pods-WPtest.debug.xcconfig */ = {isa = PBXFileReference; includeInIndex = 1; lastKnownFileType = text.xcconfig; name = "Pods-WPtest.debug.xcconfig"; path = "Pods/Target Support Files/Pods-WPtest/Pods-WPtest.debug.xcconfig"; sourceTree = "<group>"; };
		9366573C1FA794B000B830DA /* Pods_WPtest.framework */ = {isa = PBXFileReference; explicitFileType = wrapper.framework; path = Pods_WPtest.framework; sourceTree = BUILT_PRODUCTS_DIR; };
		9397A8711F6730800089DFA9 /* CustomTableViewCell.swift */ = {isa = PBXFileReference; lastKnownFileType = sourcecode.swift; path = CustomTableViewCell.swift; sourceTree = "<group>"; };
		93A1A63C1F5DFD1000AC16A3 /* WPtest.app */ = {isa = PBXFileReference; explicitFileType = wrapper.application; includeInIndex = 0; path = WPtest.app; sourceTree = BUILT_PRODUCTS_DIR; };
		93A1A63F1F5DFD1000AC16A3 /* AppDelegate.swift */ = {isa = PBXFileReference; lastKnownFileType = sourcecode.swift; path = AppDelegate.swift; sourceTree = "<group>"; };
		93A1A6411F5DFD1000AC16A3 /* ViewController.swift */ = {isa = PBXFileReference; lastKnownFileType = sourcecode.swift; path = ViewController.swift; sourceTree = "<group>"; };
		93A1A6441F5DFD1000AC16A3 /* Base */ = {isa = PBXFileReference; lastKnownFileType = file.storyboard; name = Base; path = Base.lproj/Main.storyboard; sourceTree = "<group>"; };
		93A1A6461F5DFD1000AC16A3 /* Assets.xcassets */ = {isa = PBXFileReference; lastKnownFileType = folder.assetcatalog; path = Assets.xcassets; sourceTree = "<group>"; };
		93A1A6491F5DFD1000AC16A3 /* Base */ = {isa = PBXFileReference; lastKnownFileType = file.storyboard; name = Base; path = Base.lproj/LaunchScreen.storyboard; sourceTree = "<group>"; };
		93A1A64B1F5DFD1000AC16A3 /* Info.plist */ = {isa = PBXFileReference; lastKnownFileType = text.plist.xml; path = Info.plist; sourceTree = "<group>"; };
		93F297741F6A3E0E00848299 /* WPPost.swift */ = {isa = PBXFileReference; fileEncoding = 4; lastKnownFileType = sourcecode.swift; path = WPPost.swift; sourceTree = "<group>"; };
/* End PBXFileReference section */

/* Begin PBXFrameworksBuildPhase section */
		93A1A6391F5DFD1000AC16A3 /* Frameworks */ = {
			isa = PBXFrameworksBuildPhase;
			buildActionMask = 2147483647;
			files = (
				9366573B1FA794B000B830DA /* Pods_WPtest.framework in Frameworks */,
			);
			runOnlyForDeploymentPostprocessing = 0;
		};
/* End PBXFrameworksBuildPhase section */

/* Begin PBXGroup section */
		65199379648A6CEAAC4145B2 /* Pods */ = {
			isa = PBXGroup;
			children = (
				8E9B185489FEB9F570712241 /* Pods-WPtest.debug.xcconfig */,
				283CEABF1D104DA93C2E4111 /* Pods-WPtest.release.xcconfig */,
			);
			name = Pods;
			sourceTree = "<group>";
		};
		93A1A6331F5DFD1000AC16A3 = {
			isa = PBXGroup;
			children = (
				93A1A63E1F5DFD1000AC16A3 /* WPtest */,
				93A1A63D1F5DFD1000AC16A3 /* Products */,
				65199379648A6CEAAC4145B2 /* Pods */,
				D9009EBABA479F4276977936 /* Frameworks */,
			);
			sourceTree = "<group>";
		};
		93A1A63D1F5DFD1000AC16A3 /* Products */ = {
			isa = PBXGroup;
			children = (
				93A1A63C1F5DFD1000AC16A3 /* WPtest.app */,
			);
			name = Products;
			sourceTree = "<group>";
		};
		93A1A63E1F5DFD1000AC16A3 /* WPtest */ = {
			isa = PBXGroup;
			children = (
				93A1A63F1F5DFD1000AC16A3 /* AppDelegate.swift */,
				93A1A6411F5DFD1000AC16A3 /* ViewController.swift */,
				93A1A6431F5DFD1000AC16A3 /* Main.storyboard */,
				93A1A6461F5DFD1000AC16A3 /* Assets.xcassets */,
				93A1A6481F5DFD1000AC16A3 /* LaunchScreen.storyboard */,
				93A1A64B1F5DFD1000AC16A3 /* Info.plist */,
				9397A8711F6730800089DFA9 /* CustomTableViewCell.swift */,
				93F297741F6A3E0E00848299 /* WPPost.swift */,
			);
			path = WPtest;
			sourceTree = "<group>";
		};
		D9009EBABA479F4276977936 /* Frameworks */ = {
			isa = PBXGroup;
			children = (
				9366573C1FA794B000B830DA /* Pods_WPtest.framework */,
				6232B41DDCA1E60BABB5481F /* Pods_WPtest.framework */,
			);
			name = Frameworks;
			sourceTree = "<group>";
		};
/* End PBXGroup section */

/* Begin PBXNativeTarget section */
		93A1A63B1F5DFD1000AC16A3 /* WPtest */ = {
			isa = PBXNativeTarget;
			buildConfigurationList = 93A1A64E1F5DFD1000AC16A3 /* Build configuration list for PBXNativeTarget "WPtest" */;
			buildPhases = (
				8B9018B4A80E4D79135F1823 /* [CP] Check Pods Manifest.lock */,
				93A1A6381F5DFD1000AC16A3 /* Sources */,
				93A1A6391F5DFD1000AC16A3 /* Frameworks */,
				93A1A63A1F5DFD1000AC16A3 /* Resources */,
				55C22C30E6054ED44D10592F /* [CP] Embed Pods Frameworks */,
				7BC653858DFF57B4B4BF0166 /* [CP] Copy Pods Resources */,
			);
			buildRules = (
			);
			dependencies = (
			);
			name = WPtest;
			productName = WPtest;
			productReference = 93A1A63C1F5DFD1000AC16A3 /* WPtest.app */;
			productType = "com.apple.product-type.application";
		};
/* End PBXNativeTarget section */

/* Begin PBXProject section */
		93A1A6341F5DFD1000AC16A3 /* Project object */ = {
			isa = PBXProject;
			attributes = {
				LastSwiftUpdateCheck = 0830;
				LastUpgradeCheck = 0830;
				ORGANIZATIONNAME = InformaticaBiomedica;
				TargetAttributes = {
					93A1A63B1F5DFD1000AC16A3 = {
						CreatedOnToolsVersion = 8.3.3;
						DevelopmentTeam = 9445LG25J4;
						ProvisioningStyle = Automatic;
					};
				};
			};
			buildConfigurationList = 93A1A6371F5DFD1000AC16A3 /* Build configuration list for PBXProject "WPtest" */;
			compatibilityVersion = "Xcode 3.2";
			developmentRegion = English;
			hasScannedForEncodings = 0;
			knownRegions = (
				en,
				Base,
			);
			mainGroup = 93A1A6331F5DFD1000AC16A3;
			productRefGroup = 93A1A63D1F5DFD1000AC16A3 /* Products */;
			projectDirPath = "";
			projectRoot = "";
			targets = (
				93A1A63B1F5DFD1000AC16A3 /* WPtest */,
			);
		};
/* End PBXProject section */

/* Begin PBXResourcesBuildPhase section */
		93A1A63A1F5DFD1000AC16A3 /* Resources */ = {
			isa = PBXResourcesBuildPhase;
			buildActionMask = 2147483647;
			files = (
				93A1A64A1F5DFD1000AC16A3 /* LaunchScreen.storyboard in Resources */,
				93A1A6471F5DFD1000AC16A3 /* Assets.xcassets in Resources */,
				93A1A6451F5DFD1000AC16A3 /* Main.storyboard in Resources */,
			);
			runOnlyForDeploymentPostprocessing = 0;
		};
/* End PBXResourcesBuildPhase section */

/* Begin PBXShellScriptBuildPhase section */
		55C22C30E6054ED44D10592F /* [CP] Embed Pods Frameworks */ = {
			isa = PBXShellScriptBuildPhase;
			buildActionMask = 2147483647;
			files = (
			);
			inputPaths = (
				"${SRCROOT}/Pods/Target Support Files/Pods-WPtest/Pods-WPtest-frameworks.sh",
				"${BUILT_PRODUCTS_DIR}/Alamofire/Alamofire.framework",
				"${BUILT_PRODUCTS_DIR}/SDWebImage/SDWebImage.framework",
				"${BUILT_PRODUCTS_DIR}/SwiftyJSON/SwiftyJSON.framework",
			);
			name = "[CP] Embed Pods Frameworks";
			outputPaths = (
				"${TARGET_BUILD_DIR}/${FRAMEWORKS_FOLDER_PATH}/Alamofire.framework",
				"${TARGET_BUILD_DIR}/${FRAMEWORKS_FOLDER_PATH}/SDWebImage.framework",
				"${TARGET_BUILD_DIR}/${FRAMEWORKS_FOLDER_PATH}/SwiftyJSON.framework",
			);
			runOnlyForDeploymentPostprocessing = 0;
			shellPath = /bin/sh;
			shellScript = "\"${SRCROOT}/Pods/Target Support Files/Pods-WPtest/Pods-WPtest-frameworks.sh\"\n";
			showEnvVarsInLog = 0;
		};
		7BC653858DFF57B4B4BF0166 /* [CP] Copy Pods Resources */ = {
			isa = PBXShellScriptBuildPhase;
			buildActionMask = 2147483647;
			files = (
			);
			inputPaths = (
			);
			name = "[CP] Copy Pods Resources";
			outputPaths = (
			);
			runOnlyForDeploymentPostprocessing = 0;
			shellPath = /bin/sh;
			shellScript = "\"${SRCROOT}/Pods/Target Support Files/Pods-WPtest/Pods-WPtest-resources.sh\"\n";
			showEnvVarsInLog = 0;
		};
		8B9018B4A80E4D79135F1823 /* [CP] Check Pods Manifest.lock */ = {
			isa = PBXShellScriptBuildPhase;
			buildActionMask = 2147483647;
			files = (
			);
			inputPaths = (
				"${PODS_PODFILE_DIR_PATH}/Podfile.lock",
				"${PODS_ROOT}/Manifest.lock",
			);
			name = "[CP] Check Pods Manifest.lock";
			outputPaths = (
				"$(DERIVED_FILE_DIR)/Pods-WPtest-checkManifestLockResult.txt",
			);
			runOnlyForDeploymentPostprocessing = 0;
			shellPath = /bin/sh;
			shellScript = "diff \"${PODS_PODFILE_DIR_PATH}/Podfile.lock\" \"${PODS_ROOT}/Manifest.lock\" > /dev/null\nif [ $? != 0 ] ; then\n    # print error to STDERR\n    echo \"error: The sandbox is not in sync with the Podfile.lock. Run 'pod install' or update your CocoaPods installation.\" >&2\n    exit 1\nfi\n# This output is used by Xcode 'outputs' to avoid re-running this script phase.\necho \"SUCCESS\" > \"${SCRIPT_OUTPUT_FILE_0}\"\n";
			showEnvVarsInLog = 0;
		};
/* End PBXShellScriptBuildPhase section */

/* Begin PBXSourcesBuildPhase section */
		93A1A6381F5DFD1000AC16A3 /* Sources */ = {
			isa = PBXSourcesBuildPhase;
			buildActionMask = 2147483647;
			files = (
				93F297751F6A3E0E00848299 /* WPPost.swift in Sources */,
				9397A8721F6730800089DFA9 /* CustomTableViewCell.swift in Sources */,
				93A1A6421F5DFD1000AC16A3 /* ViewController.swift in Sources */,
				93A1A6401F5DFD1000AC16A3 /* AppDelegate.swift in Sources */,
			);
			runOnlyForDeploymentPostprocessing = 0;
		};
/* End PBXSourcesBuildPhase section */

/* Begin PBXVariantGroup section */
		93A1A6431F5DFD1000AC16A3 /* Main.storyboard */ = {
			isa = PBXVariantGroup;
			children = (
				93A1A6441F5DFD1000AC16A3 /* Base */,
			);
			name = Main.storyboard;
			sourceTree = "<group>";
		};
		93A1A6481F5DFD1000AC16A3 /* LaunchScreen.storyboard */ = {
			isa = PBXVariantGroup;
			children = (
				93A1A6491F5DFD1000AC16A3 /* Base */,
			);
			name = LaunchScreen.storyboard;
			sourceTree = "<group>";
		};
/* End PBXVariantGroup section */

/* Begin XCBuildConfiguration section */
		93A1A64C1F5DFD1000AC16A3 /* Debug */ = {
			isa = XCBuildConfiguration;
			buildSettings = {
				ALWAYS_SEARCH_USER_PATHS = NO;
				CLANG_ANALYZER_NONNULL = YES;
				CLANG_ANALYZER_NUMBER_OBJECT_CONVERSION = YES_AGGRESSIVE;
				CLANG_CXX_LANGUAGE_STANDARD = "gnu++0x";
				CLANG_CXX_LIBRARY = "libc++";
				CLANG_ENABLE_MODULES = YES;
				CLANG_ENABLE_OBJC_ARC = YES;
				CLANG_WARN_BOOL_CONVERSION = YES;
				CLANG_WARN_CONSTANT_CONVERSION = YES;
				CLANG_WARN_DIRECT_OBJC_ISA_USAGE = YES_ERROR;
				CLANG_WARN_DOCUMENTATION_COMMENTS = YES;
				CLANG_WARN_EMPTY_BODY = YES;
				CLANG_WARN_ENUM_CONVERSION = YES;
				CLANG_WARN_INFINITE_RECURSION = YES;
				CLANG_WARN_INT_CONVERSION = YES;
				CLANG_WARN_OBJC_ROOT_CLASS = YES_ERROR;
				CLANG_WARN_SUSPICIOUS_MOVE = YES;
				CLANG_WARN_UNREACHABLE_CODE = YES;
				CLANG_WARN__DUPLICATE_METHOD_MATCH = YES;
				"CODE_SIGN_IDENTITY[sdk=iphoneos*]" = "iPhone Developer";
				COPY_PHASE_STRIP = NO;
				DEBUG_INFORMATION_FORMAT = dwarf;
				ENABLE_STRICT_OBJC_MSGSEND = YES;
				ENABLE_TESTABILITY = YES;
				GCC_C_LANGUAGE_STANDARD = gnu99;
				GCC_DYNAMIC_NO_PIC = NO;
				GCC_NO_COMMON_BLOCKS = YES;
				GCC_OPTIMIZATION_LEVEL = 0;
				GCC_PREPROCESSOR_DEFINITIONS = (
					"DEBUG=1",
					"$(inherited)",
				);
				GCC_WARN_64_TO_32_BIT_CONVERSION = YES;
				GCC_WARN_ABOUT_RETURN_TYPE = YES_ERROR;
				GCC_WARN_UNDECLARED_SELECTOR = YES;
				GCC_WARN_UNINITIALIZED_AUTOS = YES_AGGRESSIVE;
				GCC_WARN_UNUSED_FUNCTION = YES;
				GCC_WARN_UNUSED_VARIABLE = YES;
				IPHONEOS_DEPLOYMENT_TARGET = 10.3;
				MTL_ENABLE_DEBUG_INFO = YES;
				ONLY_ACTIVE_ARCH = YES;
				SDKROOT = iphoneos;
				SWIFT_ACTIVE_COMPILATION_CONDITIONS = DEBUG;
				SWIFT_OPTIMIZATION_LEVEL = "-Onone";
				TARGETED_DEVICE_FAMILY = "1,2";
			};
			name = Debug;
		};
		93A1A64D1F5DFD1000AC16A3 /* Release */ = {
			isa = XCBuildConfiguration;
			buildSettings = {
				ALWAYS_SEARCH_USER_PATHS = NO;
				CLANG_ANALYZER_NONNULL = YES;
				CLANG_ANALYZER_NUMBER_OBJECT_CONVERSION = YES_AGGRESSIVE;
				CLANG_CXX_LANGUAGE_STANDARD = "gnu++0x";
				CLANG_CXX_LIBRARY = "libc++";
				CLANG_ENABLE_MODULES = YES;
				CLANG_ENABLE_OBJC_ARC = YES;
				CLANG_WARN_BOOL_CONVERSION = YES;
				CLANG_WARN_CONSTANT_CONVERSION = YES;
				CLANG_WARN_DIRECT_OBJC_ISA_USAGE = YES_ERROR;
				CLANG_WARN_DOCUMENTATION_COMMENTS = YES;
				CLANG_WARN_EMPTY_BODY = YES;
				CLANG_WARN_ENUM_CONVERSION = YES;
				CLANG_WARN_INFINITE_RECURSION = YES;
				CLANG_WARN_INT_CONVERSION = YES;
				CLANG_WARN_OBJC_ROOT_CLASS = YES_ERROR;
				CLANG_WARN_SUSPICIOUS_MOVE = YES;
				CLANG_WARN_UNREACHABLE_CODE = YES;
				CLANG_WARN__DUPLICATE_METHOD_MATCH = YES;
				"CODE_SIGN_IDENTITY[sdk=iphoneos*]" = "iPhone Developer";
				COPY_PHASE_STRIP = NO;
				DEBUG_INFORMATION_FORMAT = "dwarf-with-dsym";
				ENABLE_NS_ASSERTIONS = NO;
				ENABLE_STRICT_OBJC_MSGSEND = YES;
				GCC_C_LANGUAGE_STANDARD = gnu99;
				GCC_NO_COMMON_BLOCKS = YES;
				GCC_WARN_64_TO_32_BIT_CONVERSION = YES;
				GCC_WARN_ABOUT_RETURN_TYPE = YES_ERROR;
				GCC_WARN_UNDECLARED_SELECTOR = YES;
				GCC_WARN_UNINITIALIZED_AUTOS = YES_AGGRESSIVE;
				GCC_WARN_UNUSED_FUNCTION = YES;
				GCC_WARN_UNUSED_VARIABLE = YES;
				IPHONEOS_DEPLOYMENT_TARGET = 10.3;
				MTL_ENABLE_DEBUG_INFO = NO;
				SDKROOT = iphoneos;
				SWIFT_OPTIMIZATION_LEVEL = "-Owholemodule";
				TARGETED_DEVICE_FAMILY = "1,2";
				VALIDATE_PRODUCT = YES;
			};
			name = Release;
		};
		93A1A64F1F5DFD1000AC16A3 /* Debug */ = {
			isa = XCBuildConfiguration;
			baseConfigurationReference = 8E9B185489FEB9F570712241 /* Pods-WPtest.debug.xcconfig */;
			buildSettings = {
				ASSETCATALOG_COMPILER_APPICON_NAME = AppIcon;
				DEVELOPMENT_TEAM = 9445LG25J4;
				INFOPLIST_FILE = WPtest/Info.plist;
				LD_RUNPATH_SEARCH_PATHS = "$(inherited) @executable_path/Frameworks";
				PRODUCT_BUNDLE_IDENTIFIER = mx.unam.facmed.ib.WPtest;
				PRODUCT_NAME = "$(TARGET_NAME)";
				SWIFT_VERSION = 3.0;
			};
			name = Debug;
		};
		93A1A6501F5DFD1000AC16A3 /* Release */ = {
			isa = XCBuildConfiguration;
			baseConfigurationReference = 283CEABF1D104DA93C2E4111 /* Pods-WPtest.release.xcconfig */;
			buildSettings = {
				ASSETCATALOG_COMPILER_APPICON_NAME = AppIcon;
				DEVELOPMENT_TEAM = 9445LG25J4;
				INFOPLIST_FILE = WPtest/Info.plist;
				LD_RUNPATH_SEARCH_PATHS = "$(inherited) @executable_path/Frameworks";
				PRODUCT_BUNDLE_IDENTIFIER = mx.unam.facmed.ib.WPtest;
				PRODUCT_NAME = "$(TARGET_NAME)";
				SWIFT_VERSION = 3.0;
			};
			name = Release;
		};
/* End XCBuildConfiguration section */

/* Begin XCConfigurationList section */
		93A1A6371F5DFD1000AC16A3 /* Build configuration list for PBXProject "WPtest" */ = {
			isa = XCConfigurationList;
			buildConfigurations = (
				93A1A64C1F5DFD1000AC16A3 /* Debug */,
				93A1A64D1F5DFD1000AC16A3 /* Release */,
			);
			defaultConfigurationIsVisible = 0;
			defaultConfigurationName = Release;
		};
		93A1A64E1F5DFD1000AC16A3 /* Build configuration list for PBXNativeTarget "WPtest" */ = {
			isa = XCConfigurationList;
			buildConfigurations = (
				93A1A64F1F5DFD1000AC16A3 /* Debug */,
				93A1A6501F5DFD1000AC16A3 /* Release */,
			);
			defaultConfigurationIsVisible = 0;
			defaultConfigurationName = Release;
		};
/* End XCConfigurationList section */
	};
	rootObject = 93A1A6341F5DFD1000AC16A3 /* Project object */;
}
